{
    "_readme": [
        "This file locks the dependencies of your project to a known state",
        "Read more about it at https://getcomposer.org/doc/01-basic-usage.md#composer-lock-the-lock-file",
        "This file is @generated automatically"
    ],
    "content-hash": "8d7d39cd3227d096cee1cebffcc0eb17",
    "packages": [
        {
            "name": "shark/simple_html_dom",
            "version": "dev-master",
            "source": {
                "type": "git",
                "url": "https://github.com/samacs/simple_html_dom.git",
                "reference": "b396c8c87a8db9dca98166db262dcee89b6b83b8"
            },
            "dist": {
                "type": "zip",
                "url": "https://packagist.phpcomposer.com/files/samacs/simple_html_dom/b396c8c87a8db9dca98166db262dcee89b6b83b8.zip",
                "reference": "b396c8c87a8db9dca98166db262dcee89b6b83b8",
                "shasum": ""
            },
            "require": {
                "ext-mbstring": "*",
                "php": ">=5.2.4"
            },
            "type": "library",
            "autoload": {
                "classmap": [
                    "simple_html_dom.php"
                ],
                "files": [
                    "simple_html_dom.php"
                ]
            },
            "notification-url": "https://packagist.org/downloads/",
            "authors": [
                {
                    "name": "S.C. Chen",
                    "email": "me578022@gmail.com",
                    "homepage": "http://simplehtmldom.sourceforge.net/"
                }
            ],
            "description": "Simple HTML DOM package.",
            "homepage": "http://simplehtmldom.sourceforge.net/",
            "keywords": [
                "dom",
                "php dom"
            ],
            "time": "2016-10-28 19:06:55"
        }
    ],
    "packages-dev": [],
    "aliases": [],
    "minimum-stability": "dev",
    "stability-flags": {
        "shark/simple_html_dom": 20
    },
    "prefer-stable": false,
    "prefer-lowest": false,
    "platform": [],
    "platform-dev": []
}
